
Microsoft Visual Studio Solution File, Format Version 12.00
# Visual Studio Version 16
VisualStudioVersion = 16.0.30907.101
MinimumVisualStudioVersion = 10.0.40219.1
Project("{FAE04EC0-301F-11D3-BF4B-00C04F79EFBC}") = "Dipsy.VeracodeReport.Converter", "Dipsy.VeracodeReport.Converter\Dipsy.VeracodeReport.Converter.csproj", "{55912F2B-092D-479C-A76C-3BB5DFE7438F}"
EndProject
Project("{FAE04EC0-301F-11D3-BF4B-00C04F79EFBC}") = "Dipsy.VeracodeReport.Converter.UnitTests", "Dipsy.VeracodeReport.Converter.UnitTests\Dipsy.VeracodeReport.Converter.UnitTests.csproj", "{1BC55E3C-A597-439E-BE9E-DB40B6DEA746}"
EndProject
Global
	GlobalSection(SolutionConfigurationPlatforms) = preSolution
		Debug|Any CPU = Debug|Any CPU
		Release|Any CPU = Release|Any CPU
	EndGlobalSection
	GlobalSection(ProjectConfigurationPlatforms) = postSolution
		{55912F2B-092D-479C-A76C-3BB5DFE7438F}.Debug|Any CPU.ActiveCfg = Debug|Any CPU
		{55912F2B-092D-479C-A76C-3BB5DFE7438F}.Debug|Any CPU.Build.0 = Debug|Any CPU
		{55912F2B-092D-479C-A76C-3BB5DFE7438F}.Release|Any CPU.ActiveCfg = Release|Any CPU
		{55912F2B-092D-479C-A76C-3BB5DFE7438F}.Release|Any CPU.Build.0 = Release|Any CPU
		{1BC55E3C-A597-439E-BE9E-DB40B6DEA746}.Debug|Any CPU.ActiveCfg = Debug|Any CPU
		{1BC55E3C-A597-439E-BE9E-DB40B6DEA746}.Debug|Any CPU.Build.0 = Debug|Any CPU
		{1BC55E3C-A597-439E-BE9E-DB40B6DEA746}.Release|Any CPU.ActiveCfg = Release|Any CPU
		{1BC55E3C-A597-439E-BE9E-DB40B6DEA746}.Release|Any CPU.Build.0 = Release|Any CPU
	EndGlobalSection
	GlobalSection(SolutionProperties) = preSolution
		HideSolutionNode = FALSE
	EndGlobalSection
	GlobalSection(ExtensibilityGlobals) = postSolution
		SolutionGuid = {FF180326-0626-4F83-ABB2-7540A8B128B0}
	EndGlobalSection
EndGlobal
